github.com/gregoryv/asserter v0.4.0/go.mod h1:WjMhNLh0zjyvgOQpWWx8Om0n7jlgMzTn7qgKhJeH8ew=
github.com/gregoryv/find v0.0.0-20180328085109-1bbc2d70c482/go.mod h1:/xxQlO62bzxhyabf2iKJzGJa+VAJy25spLI/6ICTrxU=
github.com/gregoryv/gocyclo v0.0.0-20180305144948-0be7902fabdc/go.mod h1:x/QA8cT1gfn/XriQ/CVNX7I8IM4Z2YJAAEWFym2clZI=
github.com/gregoryv/gocyclo v0.1.0 h1:ZRLCMDzJPdeExgQr9nIJDkibEeSLCdXQ8Yj38d09KNE=
github.com/gregoryv/gocyclo v0.1.0/go.mod h1:e1PwkEyshvXjhPGP0RUXqlEXx09aBSSNj0wL8I/P/3I=
github.com/gregoryv/golden v0.6.1 h1:vZY0sBsmvIHu2SJdFc9C4WP6XNCPlUlRTEqEoVDA0qk=
github.com/gregoryv/golden v0.6.1/go.mod h1:Y4isDieWcbO/Wf7u1wBHAXF4KD0xfaix0W0sEkKY8HU=
github.com/gregoryv/qual v0.2.1/go.mod h1:5M5kejbZgxtswBGeoXC1yh4CP94W3FFv5o60BflBlnY=
github.com/gregoryv/qual v0.4.1 h1:ie2kD45Yc9A1jcgb+8kJnsSxVvL6A188NQ/mgBzj8bo=
github.com/gregoryv/qual v0.4.1/go.mod h1:CJpLjjOyVmCiu0xoLbgbitdk+T2hCCmGYPpHAW+mel4=
github.com/pmezard/go-difflib v1.0.0 h1:4DBwDE0NGyQoBHbLQYPwSUPoCMWR5BEzIk/f1lZbAQM=
github.com/pmezard/go-difflib v1.0.0/go.mod h1:iKH77koFhYxTK1pcRnkKkqfTogsbg7gZNVY4sRDYZ/4=
